
Microsoft Visual Studio Solution File, Format Version 11.00
# Visual Studio 2010
Project("{8BC9CEB8-8B4A-11D0-8D11-00A0C91BC942}") = "vesper", "vesper\vesper.vcxproj", "{7BD86658-A798-4B10-AE37-1EABDA782C30}"
EndProject
Project("{8BC9CEB8-8B4A-11D0-8D11-00A0C91BC942}") = "distorm", "distorm3\make\win32\cdistorm.vcxproj", "{15051CE1-AB10-4239-973D-01B84F2AD0A9}"
EndProject
Project("{8BC9CEB8-8B4A-11D0-8D11-00A0C91BC942}") = "_MyLib_test", "..\..\_MyLib\trunk\_MyLib_test.vcxproj", "{0CB511FD-3E50-4548-A4F2-91D55B983656}"
EndProject
Project("{8BC9CEB8-8B4A-11D0-8D11-00A0C91BC942}") = "vesper_tests", "vesper\tests\vesper_tests.vcxproj", "{77652331-0349-46C4-94FF-825A8B356676}"
EndProject
Project("{8BC9CEB8-8B4A-11D0-8D11-00A0C91BC942}") = "vesper_support", "vesper_support\hama_sys.vcxproj", "{FE25DD79-4293-416C-8EDC-59FB385D9546}"
EndProject
Global
	GlobalSection(SolutionConfigurationPlatforms) = preSolution
		clib|Win32 = clib|Win32
		clib|x64 = clib|x64
		Debug|Win32 = Debug|Win32
		Debug|x64 = Debug|x64
		dll|Win32 = dll|Win32
		dll|x64 = dll|x64
		Release|Win32 = Release|Win32
		Release|x64 = Release|x64
	EndGlobalSection
	GlobalSection(ProjectConfigurationPlatforms) = postSolution
		{7BD86658-A798-4B10-AE37-1EABDA782C30}.clib|Win32.ActiveCfg = Release|x64
		{7BD86658-A798-4B10-AE37-1EABDA782C30}.clib|x64.ActiveCfg = Release|x64
		{7BD86658-A798-4B10-AE37-1EABDA782C30}.clib|x64.Build.0 = Release|x64
		{7BD86658-A798-4B10-AE37-1EABDA782C30}.Debug|Win32.ActiveCfg = Debug|Win32
		{7BD86658-A798-4B10-AE37-1EABDA782C30}.Debug|Win32.Build.0 = Debug|Win32
		{7BD86658-A798-4B10-AE37-1EABDA782C30}.Debug|x64.ActiveCfg = Debug|x64
		{7BD86658-A798-4B10-AE37-1EABDA782C30}.dll|Win32.ActiveCfg = Debug|x64
		{7BD86658-A798-4B10-AE37-1EABDA782C30}.dll|x64.ActiveCfg = Debug|x64
		{7BD86658-A798-4B10-AE37-1EABDA782C30}.dll|x64.Build.0 = Debug|x64
		{7BD86658-A798-4B10-AE37-1EABDA782C30}.Release|Win32.ActiveCfg = Release|Win32
		{7BD86658-A798-4B10-AE37-1EABDA782C30}.Release|Win32.Build.0 = Release|Win32
		{7BD86658-A798-4B10-AE37-1EABDA782C30}.Release|x64.ActiveCfg = Release|x64
		{15051CE1-AB10-4239-973D-01B84F2AD0A9}.clib|Win32.ActiveCfg = clib|Win32
		{15051CE1-AB10-4239-973D-01B84F2AD0A9}.clib|Win32.Build.0 = clib|Win32
		{15051CE1-AB10-4239-973D-01B84F2AD0A9}.clib|x64.ActiveCfg = clib|x64
		{15051CE1-AB10-4239-973D-01B84F2AD0A9}.clib|x64.Build.0 = clib|x64
		{15051CE1-AB10-4239-973D-01B84F2AD0A9}.Debug|Win32.ActiveCfg = dll|Win32
		{15051CE1-AB10-4239-973D-01B84F2AD0A9}.Debug|x64.ActiveCfg = dll|x64
		{15051CE1-AB10-4239-973D-01B84F2AD0A9}.Debug|x64.Build.0 = dll|x64
		{15051CE1-AB10-4239-973D-01B84F2AD0A9}.dll|Win32.ActiveCfg = dll|Win32
		{15051CE1-AB10-4239-973D-01B84F2AD0A9}.dll|Win32.Build.0 = dll|Win32
		{15051CE1-AB10-4239-973D-01B84F2AD0A9}.dll|x64.ActiveCfg = dll|x64
		{15051CE1-AB10-4239-973D-01B84F2AD0A9}.dll|x64.Build.0 = dll|x64
		{15051CE1-AB10-4239-973D-01B84F2AD0A9}.Release|Win32.ActiveCfg = dll|x64
		{15051CE1-AB10-4239-973D-01B84F2AD0A9}.Release|x64.ActiveCfg = dll|x64
		{15051CE1-AB10-4239-973D-01B84F2AD0A9}.Release|x64.Build.0 = dll|x64
		{0CB511FD-3E50-4548-A4F2-91D55B983656}.clib|Win32.ActiveCfg = Release|x64
		{0CB511FD-3E50-4548-A4F2-91D55B983656}.clib|x64.ActiveCfg = Release|x64
		{0CB511FD-3E50-4548-A4F2-91D55B983656}.clib|x64.Build.0 = Release|x64
		{0CB511FD-3E50-4548-A4F2-91D55B983656}.Debug|Win32.ActiveCfg = Debug|Win32
		{0CB511FD-3E50-4548-A4F2-91D55B983656}.Debug|Win32.Build.0 = Debug|Win32
		{0CB511FD-3E50-4548-A4F2-91D55B983656}.Debug|x64.ActiveCfg = Debug|x64
		{0CB511FD-3E50-4548-A4F2-91D55B983656}.Debug|x64.Build.0 = Debug|x64
		{0CB511FD-3E50-4548-A4F2-91D55B983656}.dll|Win32.ActiveCfg = Debug|x64
		{0CB511FD-3E50-4548-A4F2-91D55B983656}.dll|x64.ActiveCfg = Debug|x64
		{0CB511FD-3E50-4548-A4F2-91D55B983656}.dll|x64.Build.0 = Debug|x64
		{0CB511FD-3E50-4548-A4F2-91D55B983656}.Release|Win32.ActiveCfg = Release|Win32
		{0CB511FD-3E50-4548-A4F2-91D55B983656}.Release|Win32.Build.0 = Release|Win32
		{0CB511FD-3E50-4548-A4F2-91D55B983656}.Release|x64.ActiveCfg = Release|x64
		{0CB511FD-3E50-4548-A4F2-91D55B983656}.Release|x64.Build.0 = Release|x64
		{77652331-0349-46C4-94FF-825A8B356676}.clib|Win32.ActiveCfg = Release|x64
		{77652331-0349-46C4-94FF-825A8B356676}.clib|x64.ActiveCfg = Release|x64
		{77652331-0349-46C4-94FF-825A8B356676}.clib|x64.Build.0 = Release|x64
		{77652331-0349-46C4-94FF-825A8B356676}.Debug|Win32.ActiveCfg = Debug|Win32
		{77652331-0349-46C4-94FF-825A8B356676}.Debug|Win32.Build.0 = Debug|Win32
		{77652331-0349-46C4-94FF-825A8B356676}.Debug|x64.ActiveCfg = Debug|x64
		{77652331-0349-46C4-94FF-825A8B356676}.Debug|x64.Build.0 = Debug|x64
		{77652331-0349-46C4-94FF-825A8B356676}.dll|Win32.ActiveCfg = Debug|x64
		{77652331-0349-46C4-94FF-825A8B356676}.dll|x64.ActiveCfg = Debug|x64
		{77652331-0349-46C4-94FF-825A8B356676}.dll|x64.Build.0 = Debug|x64
		{77652331-0349-46C4-94FF-825A8B356676}.Release|Win32.ActiveCfg = Release|Win32
		{77652331-0349-46C4-94FF-825A8B356676}.Release|Win32.Build.0 = Release|Win32
		{77652331-0349-46C4-94FF-825A8B356676}.Release|x64.ActiveCfg = Release|x64
		{77652331-0349-46C4-94FF-825A8B356676}.Release|x64.Build.0 = Release|x64
		{FE25DD79-4293-416C-8EDC-59FB385D9546}.clib|Win32.ActiveCfg = Release|x64
		{FE25DD79-4293-416C-8EDC-59FB385D9546}.clib|x64.ActiveCfg = Release|x64
		{FE25DD79-4293-416C-8EDC-59FB385D9546}.clib|x64.Build.0 = Release|x64
		{FE25DD79-4293-416C-8EDC-59FB385D9546}.Debug|Win32.ActiveCfg = Debug|Win32
		{FE25DD79-4293-416C-8EDC-59FB385D9546}.Debug|Win32.Build.0 = Debug|Win32
		{FE25DD79-4293-416C-8EDC-59FB385D9546}.Debug|x64.ActiveCfg = Debug|x64
		{FE25DD79-4293-416C-8EDC-59FB385D9546}.Debug|x64.Build.0 = Debug|x64
		{FE25DD79-4293-416C-8EDC-59FB385D9546}.dll|Win32.ActiveCfg = Debug|x64
		{FE25DD79-4293-416C-8EDC-59FB385D9546}.dll|x64.ActiveCfg = Debug|x64
		{FE25DD79-4293-416C-8EDC-59FB385D9546}.dll|x64.Build.0 = Debug|x64
		{FE25DD79-4293-416C-8EDC-59FB385D9546}.Release|Win32.ActiveCfg = Release|Win32
		{FE25DD79-4293-416C-8EDC-59FB385D9546}.Release|Win32.Build.0 = Release|Win32
		{FE25DD79-4293-416C-8EDC-59FB385D9546}.Release|x64.ActiveCfg = Release|x64
		{FE25DD79-4293-416C-8EDC-59FB385D9546}.Release|x64.Build.0 = Release|x64
	EndGlobalSection
	GlobalSection(SolutionProperties) = preSolution
		HideSolutionNode = FALSE
	EndGlobalSection
EndGlobal
